Microsoft Visual Studio Solution File, Format Version 12.00
# Visual Studio Version 17
VisualStudioVersion = 17.5.2.0
MinimumVisualStudioVersion = 10.0.40219.1
Project("{FAE04EC0-301F-11D3-BF4B-00C04F79EFBC}") = "AlgoritmosProject", "AlgoritmosProject.csproj", "{EC18ABD5-147E-9095-A781-C60596DEBFAE}"
EndProject
Global
	GlobalSection(SolutionConfigurationPlatforms) = preSolution
		Debug|Any CPU = Debug|Any CPU
		Release|Any CPU = Release|Any CPU
	EndGlobalSection
	GlobalSection(ProjectConfigurationPlatforms) = postSolution
		{EC18ABD5-147E-9095-A781-C60596DEBFAE}.Debug|Any CPU.ActiveCfg = Debug|Any CPU
		{EC18ABD5-147E-9095-A781-C60596DEBFAE}.Debug|Any CPU.Build.0 = Debug|Any CPU
		{EC18ABD5-147E-9095-A781-C60596DEBFAE}.Release|Any CPU.ActiveCfg = Release|Any CPU
		{EC18ABD5-147E-9095-A781-C60596DEBFAE}.Release|Any CPU.Build.0 = Release|Any CPU
	EndGlobalSection
	GlobalSection(SolutionProperties) = preSolution
		HideSolutionNode = FALSE
	EndGlobalSection
	GlobalSection(ExtensibilityGlobals) = postSolution
		SolutionGuid = {21EE9838-A02D-44F5-A0F6-5D78180D27EB}
	EndGlobalSection
EndGlobal
